PODS:
  - Charts (3.6.0):
    - Charts/Core (= 3.6.0)
  - Charts/Core (3.6.0)
  - FMDB (2.7.5):
    - FMDB/standard (= 2.7.5)
  - FMDB/standard (2.7.5)
  - QuickLayout (3.0.0)
  - SwiftEntryKit (1.2.6):
    - QuickLayout (= 3.0.0)

DEPENDENCIES:
  - Charts
  - FMDB
  - SwiftEntryKit (= 1.2.6)

SPEC REPOS:
  trunk:
    - Charts
    - FMDB
    - QuickLayout
    - SwiftEntryKit

SPEC CHECKSUMS:
  Charts: b1e3a1f5a1c9ba5394438ca3b91bd8c9076310af
  FMDB: 2ce00b547f966261cd18927a3ddb07cb6f3db82a
  QuickLayout: 07b45a72b10083fee3f095990cfed1c1e7b27f0a
  SwiftEntryKit: 96a2fa90b2631bbbfac50d18449e9ca3d0635f13

PODFILE CHECKSUM: f8213e319728394c88bf35e4e5ee317e1c19207b

COCOAPODS: 1.9.3
