// !$*UTF8*$!
{
	archiveVersion = 1;
	classes = {
	};
	objectVersion = 51;
	objects = {

/* Begin PBXBuildFile section */
		1C3ACD2C254163990030ACBA /* Declarative.swift in Sources */ = {isa = PBXBuildFile; fileRef = 1C3ACD2B254163990030ACBA /* Declarative.swift */; };
		1C3ACD312542AB0B0030ACBA /* IsoCountries.swift in Sources */ = {isa = PBXBuildFile; fileRef = 1C3ACD2F2542AB0B0030ACBA /* IsoCountries.swift */; };
		1C3ACD322542AB0B0030ACBA /* IsoCountryCodes.swift in Sources */ = {isa = PBXBuildFile; fileRef = 1C3ACD302542AB0B0030ACBA /* IsoCountryCodes.swift */; };
		1C3ACD352542B5D70030ACBA /* LocalePickerViewController.swift in Sources */ = {isa = PBXBuildFile; fileRef = 1C3ACD342542B5D70030ACBA /* LocalePickerViewController.swift */; };
		1C3ACD382542C6130030ACBA /* IsoService.swift in Sources */ = {isa = PBXBuildFile; fileRef = 1C3ACD372542C6130030ACBA /* IsoService.swift */; };
		1C3ACD6325431DD40030ACBA /* GenericTableViewController.swift in Sources */ = {isa = PBXBuildFile; fileRef = 1C3ACD6225431DD40030ACBA /* GenericTableViewController.swift */; };
		1C3F207825188E6B008628C5 /* Category.swift in Sources */ = {isa = PBXBuildFile; fileRef = 1C3F207725188E6B008628C5 /* Category.swift */; };
		1C3F207E2518AD1F008628C5 /* Icons.swift in Sources */ = {isa = PBXBuildFile; fileRef = 1C3F207D2518AD1F008628C5 /* Icons.swift */; };
		1C8B6F2E2521C3A3000D423B /* RecordContainerViewController.swift in Sources */ = {isa = PBXBuildFile; fileRef = 1C8B6F2D2521C3A3000D423B /* RecordContainerViewController.swift */; };
		1C8B6F4325247A8E000D423B /* RecordTableViewCell.swift in Sources */ = {isa = PBXBuildFile; fileRef = 1C8B6F4225247A8E000D423B /* RecordTableViewCell.swift */; };
		1C8B6F4625247ACA000D423B /* RecordTableViewController.swift in Sources */ = {isa = PBXBuildFile; fileRef = 1C8B6F4525247ACA000D423B /* RecordTableViewController.swift */; };
		1C8B6F4C252AFE3E000D423B /* RecordDetailViewController.swift in Sources */ = {isa = PBXBuildFile; fileRef = 1C8B6F4B252AFE3E000D423B /* RecordDetailViewController.swift */; };
		1C8B6F53252C6A80000D423B /* UIColor+ext.swift in Sources */ = {isa = PBXBuildFile; fileRef = 1C8B6F52252C6A7F000D423B /* UIColor+ext.swift */; };
		1C8B6F57252DB044000D423B /* IconView.swift in Sources */ = {isa = PBXBuildFile; fileRef = 1C8B6F56252DB042000D423B /* IconView.swift */; };
		1C8B6F5A252ED056000D423B /* CategoryService.swift in Sources */ = {isa = PBXBuildFile; fileRef = 1C8B6F59252ED054000D423B /* CategoryService.swift */; };
		1C8B6F60252EF077000D423B /* CategoriesCollectionViewCell.swift in Sources */ = {isa = PBXBuildFile; fileRef = 1C8B6F5F252EF077000D423B /* CategoriesCollectionViewCell.swift */; };
		1C8B6F63252EF0AE000D423B /* RecordDaysCollectionViewCell.swift in Sources */ = {isa = PBXBuildFile; fileRef = 1C8B6F62252EF0AE000D423B /* RecordDaysCollectionViewCell.swift */; };
		1CA803242519AD35003D7708 /* DBManager.swift in Sources */ = {isa = PBXBuildFile; fileRef = 1CA803232519AD35003D7708 /* DBManager.swift */; };
		1CA8036A2519C833003D7708 /* InsertNewBookViewController.swift in Sources */ = {isa = PBXBuildFile; fileRef = 1CA803692519C833003D7708 /* InsertNewBookViewController.swift */; };
		1CA8036D2519E25E003D7708 /* Book.swift in Sources */ = {isa = PBXBuildFile; fileRef = 1CA8036C2519E25E003D7708 /* Book.swift */; };
		1CA803732519F2B6003D7708 /* BookTableViewCell.swift in Sources */ = {isa = PBXBuildFile; fileRef = 1CA803712519F2B6003D7708 /* BookTableViewCell.swift */; };
		1CA803742519F2B6003D7708 /* BookTableViewCell.xib in Resources */ = {isa = PBXBuildFile; fileRef = 1CA803722519F2B6003D7708 /* BookTableViewCell.xib */; };
		1CA8037A251B2857003D7708 /* BookService.swift in Sources */ = {isa = PBXBuildFile; fileRef = 1CA80379251B2857003D7708 /* BookService.swift */; };
		1CA803D6251C8D5B003D7708 /* UIView+anchors.swift in Sources */ = {isa = PBXBuildFile; fileRef = 1CA803D3251C8D5B003D7708 /* UIView+anchors.swift */; };
		1CA803D8251C8D5B003D7708 /* TBDatePicker.swift in Sources */ = {isa = PBXBuildFile; fileRef = 1CA803D5251C8D5B003D7708 /* TBDatePicker.swift */; };
		1CA803EF251EF130003D7708 /* AccountingViewController.xib in Resources */ = {isa = PBXBuildFile; fileRef = 1CA803ED251EF130003D7708 /* AccountingViewController.xib */; };
		1CA803F2251F2532003D7708 /* AccountingDetailViewController.swift in Sources */ = {isa = PBXBuildFile; fileRef = 1CA803F1251F2532003D7708 /* AccountingDetailViewController.swift */; };
		1CA803F5251F2560003D7708 /* RecordPageViewController.swift in Sources */ = {isa = PBXBuildFile; fileRef = 1CA803F4251F2560003D7708 /* RecordPageViewController.swift */; };
		1CBCD5C625454FFC00FB6C12 /* Locale.swift in Sources */ = {isa = PBXBuildFile; fileRef = 1CBCD5C525454FFC00FB6C12 /* Locale.swift */; };
		1CBCD5C92546856600FB6C12 /* ImageService.swift in Sources */ = {isa = PBXBuildFile; fileRef = 1CBCD5C82546856600FB6C12 /* ImageService.swift */; };
		1CBCD5D12546AA2200FB6C12 /* Roboto-Regular.ttf in Resources */ = {isa = PBXBuildFile; fileRef = 1CBCD5CF2546A8A300FB6C12 /* Roboto-Regular.ttf */; };
		1CBCD5D82546AB9A00FB6C12 /* Roboto-Bold.ttf in Resources */ = {isa = PBXBuildFile; fileRef = 1CBCD5D62546AB8800FB6C12 /* Roboto-Bold.ttf */; };
		1CBCD5DA2546AB9D00FB6C12 /* Roboto-Light.ttf in Resources */ = {isa = PBXBuildFile; fileRef = 1CBCD5D42546AB8800FB6C12 /* Roboto-Light.ttf */; };
		1CBCD5DC2546ABA000FB6C12 /* Roboto-Medium.ttf in Resources */ = {isa = PBXBuildFile; fileRef = 1CBCD5D52546AB8800FB6C12 /* Roboto-Medium.ttf */; };
		1CBCD5DE2546ABA200FB6C12 /* Roboto-Thin.ttf in Resources */ = {isa = PBXBuildFile; fileRef = 1CBCD5D72546AB8800FB6C12 /* Roboto-Thin.ttf */; };
		1CBCD5E92546B1E800FB6C12 /* BookDetailViewController.swift in Sources */ = {isa = PBXBuildFile; fileRef = 1CBCD5E82546B1E800FB6C12 /* BookDetailViewController.swift */; };
		1CBCD5ED2546BC0A00FB6C12 /* TBtabViewController.swift in Sources */ = {isa = PBXBuildFile; fileRef = 1CBCD5EC2546BC0A00FB6C12 /* TBtabViewController.swift */; };
		1CD181F52512048B00AFD985 /* AppDelegate.swift in Sources */ = {isa = PBXBuildFile; fileRef = 1CD181F42512048B00AFD985 /* AppDelegate.swift */; };
		1CD181F72512048C00AFD985 /* SceneDelegate.swift in Sources */ = {isa = PBXBuildFile; fileRef = 1CD181F62512048C00AFD985 /* SceneDelegate.swift */; };
		1CD181F92512048C00AFD985 /* BookViewController.swift in Sources */ = {isa = PBXBuildFile; fileRef = 1CD181F82512048C00AFD985 /* BookViewController.swift */; };
		1CD181FC2512048C00AFD985 /* Main.storyboard in Resources */ = {isa = PBXBuildFile; fileRef = 1CD181FA2512048C00AFD985 /* Main.storyboard */; };
		1CD181FF2512048C00AFD985 /* TripBooks.xcdatamodeld in Sources */ = {isa = PBXBuildFile; fileRef = 1CD181FD2512048C00AFD985 /* TripBooks.xcdatamodeld */; };
		1CD182012512048D00AFD985 /* Assets.xcassets in Resources */ = {isa = PBXBuildFile; fileRef = 1CD182002512048D00AFD985 /* Assets.xcassets */; };
		1CD182042512048D00AFD985 /* LaunchScreen.storyboard in Resources */ = {isa = PBXBuildFile; fileRef = 1CD182022512048D00AFD985 /* LaunchScreen.storyboard */; };
		1CD1820D2512050900AFD985 /* Record.swift in Sources */ = {isa = PBXBuildFile; fileRef = 1CD1820C2512050900AFD985 /* Record.swift */; };
		1CD1820F2512139200AFD985 /* TBFunc.swift in Sources */ = {isa = PBXBuildFile; fileRef = 1CD1820E2512139200AFD985 /* TBFunc.swift */; };
		1CF560212535791E003EEC66 /* UIButton+ext.swift in Sources */ = {isa = PBXBuildFile; fileRef = 1CF560202535791E003EEC66 /* UIButton+ext.swift */; };
		1CF5602425358FFF003EEC66 /* Account.swift in Sources */ = {isa = PBXBuildFile; fileRef = 1CF5602325358FFF003EEC66 /* Account.swift */; };
		1CF56030253595A5003EEC66 /* TBNotify.swift in Sources */ = {isa = PBXBuildFile; fileRef = 1CF5602F253595A5003EEC66 /* TBNotify.swift */; };
		1CF560342535A284003EEC66 /* TBColor.swift in Sources */ = {isa = PBXBuildFile; fileRef = 1CF560332535A284003EEC66 /* TBColor.swift */; };
		1CF5603F2535AC51003EEC66 /* AccountPickerTableViewCell.swift in Sources */ = {isa = PBXBuildFile; fileRef = 1CF5603E2535AC51003EEC66 /* AccountPickerTableViewCell.swift */; };
		1CF560422535B318003EEC66 /* AccountPickerViewController.swift in Sources */ = {isa = PBXBuildFile; fileRef = 1CF560412535B318003EEC66 /* AccountPickerViewController.swift */; };
		1CF560452535B793003EEC66 /* NavigationIcon.swift in Sources */ = {isa = PBXBuildFile; fileRef = 1CF560442535B793003EEC66 /* NavigationIcon.swift */; };
		1CF5604C2536A272003EEC66 /* MainFont.swift in Sources */ = {isa = PBXBuildFile; fileRef = 1CF5604B2536A272003EEC66 /* MainFont.swift */; };
		1CF5604F2536B9E5003EEC66 /* TBButton.swift in Sources */ = {isa = PBXBuildFile; fileRef = 1CF5604E2536B9E5003EEC66 /* TBButton.swift */; };
		1CF560522536D3B1003EEC66 /* AccountService.swift in Sources */ = {isa = PBXBuildFile; fileRef = 1CF560512536D3B1003EEC66 /* AccountService.swift */; };
		1CF5605C25380C3E003EEC66 /* String+ext.swift in Sources */ = {isa = PBXBuildFile; fileRef = 1CF5605B25380C3E003EEC66 /* String+ext.swift */; };
		1CF5605F25381DFE003EEC66 /* RecordSevice.swift in Sources */ = {isa = PBXBuildFile; fileRef = 1CF5605E25381DFE003EEC66 /* RecordSevice.swift */; };
		1CF5606225383C65003EEC66 /* CalculatorViewController.swift in Sources */ = {isa = PBXBuildFile; fileRef = 1CF5606125383C65003EEC66 /* CalculatorViewController.swift */; };
		1CF560AE25394F6C003EEC66 /* Rubik-Light.ttf in Resources */ = {isa = PBXBuildFile; fileRef = 1CF5609B253949B3003EEC66 /* Rubik-Light.ttf */; };
		1CF560B025394F6F003EEC66 /* Rubik-Regular.ttf in Resources */ = {isa = PBXBuildFile; fileRef = 1CF5609C253949B3003EEC66 /* Rubik-Regular.ttf */; };
		1CF560B225394F72003EEC66 /* Rubik-Medium.ttf in Resources */ = {isa = PBXBuildFile; fileRef = 1CF560A425394AA3003EEC66 /* Rubik-Medium.ttf */; };
		1CF560BB253D7F67003EEC66 /* TBNotificationCenter.swift in Sources */ = {isa = PBXBuildFile; fileRef = 1CF560BA253D7F67003EEC66 /* TBNotificationCenter.swift */; };
		1CF560BF253ED522003EEC66 /* TBFeedback.swift in Sources */ = {isa = PBXBuildFile; fileRef = 1CF560BE253ED521003EEC66 /* TBFeedback.swift */; };
		1CF560C2254012FB003EEC66 /* Double+ext.swift in Sources */ = {isa = PBXBuildFile; fileRef = 1CF560C1254012FA003EEC66 /* Double+ext.swift */; };
		1CF560C525403662003EEC66 /* BookSettingViewController.swift in Sources */ = {isa = PBXBuildFile; fileRef = 1CF560C425403662003EEC66 /* BookSettingViewController.swift */; };
		C5861E775554FD9D3668B28E /* Pods_TripBooks.framework in Frameworks */ = {isa = PBXBuildFile; fileRef = 00A04AE95A0610B3A9EB94E9 /* Pods_TripBooks.framework */; };
/* End PBXBuildFile section */

/* Begin PBXFileReference section */
		00A04AE95A0610B3A9EB94E9 /* Pods_TripBooks.framework */ = {isa = PBXFileReference; explicitFileType = wrapper.framework; includeInIndex = 0; path = Pods_TripBooks.framework; sourceTree = BUILT_PRODUCTS_DIR; };
		167ED0DEC892068602740001 /* Pods-TripBooks.release.xcconfig */ = {isa = PBXFileReference; includeInIndex = 1; lastKnownFileType = text.xcconfig; name = "Pods-TripBooks.release.xcconfig"; path = "Target Support Files/Pods-TripBooks/Pods-TripBooks.release.xcconfig"; sourceTree = "<group>"; };
		1C3ACD2B254163990030ACBA /* Declarative.swift */ = {isa = PBXFileReference; lastKnownFileType = sourcecode.swift; path = Declarative.swift; sourceTree = "<group>"; };
		1C3ACD2F2542AB0B0030ACBA /* IsoCountries.swift */ = {isa = PBXFileReference; fileEncoding = 4; lastKnownFileType = sourcecode.swift; path = IsoCountries.swift; sourceTree = "<group>"; };
		1C3ACD302542AB0B0030ACBA /* IsoCountryCodes.swift */ = {isa = PBXFileReference; fileEncoding = 4; lastKnownFileType = sourcecode.swift; path = IsoCountryCodes.swift; sourceTree = "<group>"; };
		1C3ACD342542B5D70030ACBA /* LocalePickerViewController.swift */ = {isa = PBXFileReference; lastKnownFileType = sourcecode.swift; path = LocalePickerViewController.swift; sourceTree = "<group>"; };
		1C3ACD372542C6130030ACBA /* IsoService.swift */ = {isa = PBXFileReference; lastKnownFileType = sourcecode.swift; path = IsoService.swift; sourceTree = "<group>"; };
		1C3ACD6225431DD40030ACBA /* GenericTableViewController.swift */ = {isa = PBXFileReference; fileEncoding = 4; lastKnownFileType = sourcecode.swift; path = GenericTableViewController.swift; sourceTree = "<group>"; };
		1C3F207725188E6B008628C5 /* Category.swift */ = {isa = PBXFileReference; lastKnownFileType = sourcecode.swift; path = Category.swift; sourceTree = "<group>"; };
		1C3F207D2518AD1F008628C5 /* Icons.swift */ = {isa = PBXFileReference; lastKnownFileType = sourcecode.swift; path = Icons.swift; sourceTree = "<group>"; };
		1C8B6F2D2521C3A3000D423B /* RecordContainerViewController.swift */ = {isa = PBXFileReference; lastKnownFileType = sourcecode.swift; path = RecordContainerViewController.swift; sourceTree = "<group>"; };
		1C8B6F4225247A8E000D423B /* RecordTableViewCell.swift */ = {isa = PBXFileReference; lastKnownFileType = sourcecode.swift; path = RecordTableViewCell.swift; sourceTree = "<group>"; };
		1C8B6F4525247ACA000D423B /* RecordTableViewController.swift */ = {isa = PBXFileReference; lastKnownFileType = sourcecode.swift; path = RecordTableViewController.swift; sourceTree = "<group>"; };
		1C8B6F4B252AFE3E000D423B /* RecordDetailViewController.swift */ = {isa = PBXFileReference; lastKnownFileType = sourcecode.swift; path = RecordDetailViewController.swift; sourceTree = "<group>"; };
		1C8B6F52252C6A7F000D423B /* UIColor+ext.swift */ = {isa = PBXFileReference; lastKnownFileType = sourcecode.swift; path = "UIColor+ext.swift"; sourceTree = "<group>"; };
		1C8B6F56252DB042000D423B /* IconView.swift */ = {isa = PBXFileReference; lastKnownFileType = sourcecode.swift; path = IconView.swift; sourceTree = "<group>"; };
		1C8B6F59252ED054000D423B /* CategoryService.swift */ = {isa = PBXFileReference; lastKnownFileType = sourcecode.swift; path = CategoryService.swift; sourceTree = "<group>"; };
		1C8B6F5F252EF077000D423B /* CategoriesCollectionViewCell.swift */ = {isa = PBXFileReference; lastKnownFileType = sourcecode.swift; path = CategoriesCollectionViewCell.swift; sourceTree = "<group>"; };
		1C8B6F62252EF0AE000D423B /* RecordDaysCollectionViewCell.swift */ = {isa = PBXFileReference; lastKnownFileType = sourcecode.swift; path = RecordDaysCollectionViewCell.swift; sourceTree = "<group>"; };
		1CA803232519AD35003D7708 /* DBManager.swift */ = {isa = PBXFileReference; lastKnownFileType = sourcecode.swift; path = DBManager.swift; sourceTree = "<group>"; };
		1CA803692519C833003D7708 /* InsertNewBookViewController.swift */ = {isa = PBXFileReference; lastKnownFileType = sourcecode.swift; path = InsertNewBookViewController.swift; sourceTree = "<group>"; };
		1CA8036C2519E25E003D7708 /* Book.swift */ = {isa = PBXFileReference; lastKnownFileType = sourcecode.swift; path = Book.swift; sourceTree = "<group>"; };
		1CA803712519F2B6003D7708 /* BookTableViewCell.swift */ = {isa = PBXFileReference; lastKnownFileType = sourcecode.swift; path = BookTableViewCell.swift; sourceTree = "<group>"; };
		1CA803722519F2B6003D7708 /* BookTableViewCell.xib */ = {isa = PBXFileReference; lastKnownFileType = file.xib; path = BookTableViewCell.xib; sourceTree = "<group>"; };
		1CA80379251B2857003D7708 /* BookService.swift */ = {isa = PBXFileReference; lastKnownFileType = sourcecode.swift; path = BookService.swift; sourceTree = "<group>"; };
		1CA803D3251C8D5B003D7708 /* UIView+anchors.swift */ = {isa = PBXFileReference; fileEncoding = 4; lastKnownFileType = sourcecode.swift; path = "UIView+anchors.swift"; sourceTree = "<group>"; };
		1CA803D5251C8D5B003D7708 /* TBDatePicker.swift */ = {isa = PBXFileReference; fileEncoding = 4; lastKnownFileType = sourcecode.swift; path = TBDatePicker.swift; sourceTree = "<group>"; };
		1CA803ED251EF130003D7708 /* AccountingViewController.xib */ = {isa = PBXFileReference; lastKnownFileType = file.xib; path = AccountingViewController.xib; sourceTree = "<group>"; };
		1CA803F1251F2532003D7708 /* AccountingDetailViewController.swift */ = {isa = PBXFileReference; lastKnownFileType = sourcecode.swift; path = AccountingDetailViewController.swift; sourceTree = "<group>"; };
		1CA803F4251F2560003D7708 /* RecordPageViewController.swift */ = {isa = PBXFileReference; lastKnownFileType = sourcecode.swift; path = RecordPageViewController.swift; sourceTree = "<group>"; };
		1CBCD5C525454FFC00FB6C12 /* Locale.swift */ = {isa = PBXFileReference; lastKnownFileType = sourcecode.swift; path = Locale.swift; sourceTree = "<group>"; };
		1CBCD5C82546856600FB6C12 /* ImageService.swift */ = {isa = PBXFileReference; lastKnownFileType = sourcecode.swift; path = ImageService.swift; sourceTree = "<group>"; };
		1CBCD5CF2546A8A300FB6C12 /* Roboto-Regular.ttf */ = {isa = PBXFileReference; lastKnownFileType = file; path = "Roboto-Regular.ttf"; sourceTree = "<group>"; };
		1CBCD5D42546AB8800FB6C12 /* Roboto-Light.ttf */ = {isa = PBXFileReference; lastKnownFileType = file; path = "Roboto-Light.ttf"; sourceTree = "<group>"; };
		1CBCD5D52546AB8800FB6C12 /* Roboto-Medium.ttf */ = {isa = PBXFileReference; lastKnownFileType = file; path = "Roboto-Medium.ttf"; sourceTree = "<group>"; };
		1CBCD5D62546AB8800FB6C12 /* Roboto-Bold.ttf */ = {isa = PBXFileReference; lastKnownFileType = file; path = "Roboto-Bold.ttf"; sourceTree = "<group>"; };
		1CBCD5D72546AB8800FB6C12 /* Roboto-Thin.ttf */ = {isa = PBXFileReference; lastKnownFileType = file; path = "Roboto-Thin.ttf"; sourceTree = "<group>"; };
		1CBCD5E82546B1E800FB6C12 /* BookDetailViewController.swift */ = {isa = PBXFileReference; lastKnownFileType = sourcecode.swift; path = BookDetailViewController.swift; sourceTree = "<group>"; };
		1CBCD5EC2546BC0A00FB6C12 /* TBtabViewController.swift */ = {isa = PBXFileReference; fileEncoding = 4; lastKnownFileType = sourcecode.swift; path = TBtabViewController.swift; sourceTree = "<group>"; };
		1CD181F12512048B00AFD985 /* TripBooks.app */ = {isa = PBXFileReference; explicitFileType = wrapper.application; includeInIndex = 0; path = TripBooks.app; sourceTree = BUILT_PRODUCTS_DIR; };
		1CD181F42512048B00AFD985 /* AppDelegate.swift */ = {isa = PBXFileReference; lastKnownFileType = sourcecode.swift; path = AppDelegate.swift; sourceTree = "<group>"; };
		1CD181F62512048C00AFD985 /* SceneDelegate.swift */ = {isa = PBXFileReference; lastKnownFileType = sourcecode.swift; path = SceneDelegate.swift; sourceTree = "<group>"; };
		1CD181F82512048C00AFD985 /* BookViewController.swift */ = {isa = PBXFileReference; lastKnownFileType = sourcecode.swift; path = BookViewController.swift; sourceTree = "<group>"; };
		1CD181FB2512048C00AFD985 /* Base */ = {isa = PBXFileReference; lastKnownFileType = file.storyboard; name = Base; path = Base.lproj/Main.storyboard; sourceTree = "<group>"; };
		1CD181FE2512048C00AFD985 /* TripBooks.xcdatamodel */ = {isa = PBXFileReference; lastKnownFileType = wrapper.xcdatamodel; path = TripBooks.xcdatamodel; sourceTree = "<group>"; };
		1CD182002512048D00AFD985 /* Assets.xcassets */ = {isa = PBXFileReference; lastKnownFileType = folder.assetcatalog; path = Assets.xcassets; sourceTree = "<group>"; };
		1CD182032512048D00AFD985 /* Base */ = {isa = PBXFileReference; lastKnownFileType = file.storyboard; name = Base; path = Base.lproj/LaunchScreen.storyboard; sourceTree = "<group>"; };
		1CD182052512048D00AFD985 /* Info.plist */ = {isa = PBXFileReference; lastKnownFileType = text.plist.xml; path = Info.plist; sourceTree = "<group>"; };
		1CD1820C2512050900AFD985 /* Record.swift */ = {isa = PBXFileReference; lastKnownFileType = sourcecode.swift; path = Record.swift; sourceTree = "<group>"; };
		1CD1820E2512139200AFD985 /* TBFunc.swift */ = {isa = PBXFileReference; lastKnownFileType = sourcecode.swift; path = TBFunc.swift; sourceTree = "<group>"; };
		1CF560202535791E003EEC66 /* UIButton+ext.swift */ = {isa = PBXFileReference; lastKnownFileType = sourcecode.swift; path = "UIButton+ext.swift"; sourceTree = "<group>"; };
		1CF5602325358FFF003EEC66 /* Account.swift */ = {isa = PBXFileReference; lastKnownFileType = sourcecode.swift; path = Account.swift; sourceTree = "<group>"; };
		1CF5602F253595A5003EEC66 /* TBNotify.swift */ = {isa = PBXFileReference; fileEncoding = 4; lastKnownFileType = sourcecode.swift; path = TBNotify.swift; sourceTree = "<group>"; };
		1CF560332535A284003EEC66 /* TBColor.swift */ = {isa = PBXFileReference; lastKnownFileType = sourcecode.swift; path = TBColor.swift; sourceTree = "<group>"; };
		1CF5603E2535AC51003EEC66 /* AccountPickerTableViewCell.swift */ = {isa = PBXFileReference; lastKnownFileType = sourcecode.swift; path = AccountPickerTableViewCell.swift; sourceTree = "<group>"; };
		1CF560412535B318003EEC66 /* AccountPickerViewController.swift */ = {isa = PBXFileReference; lastKnownFileType = sourcecode.swift; path = AccountPickerViewController.swift; sourceTree = "<group>"; };
		1CF560442535B793003EEC66 /* NavigationIcon.swift */ = {isa = PBXFileReference; lastKnownFileType = sourcecode.swift; path = NavigationIcon.swift; sourceTree = "<group>"; };
		1CF5604B2536A272003EEC66 /* MainFont.swift */ = {isa = PBXFileReference; lastKnownFileType = sourcecode.swift; path = MainFont.swift; sourceTree = "<group>"; };
		1CF5604E2536B9E5003EEC66 /* TBButton.swift */ = {isa = PBXFileReference; lastKnownFileType = sourcecode.swift; path = TBButton.swift; sourceTree = "<group>"; };
		1CF560512536D3B1003EEC66 /* AccountService.swift */ = {isa = PBXFileReference; lastKnownFileType = sourcecode.swift; path = AccountService.swift; sourceTree = "<group>"; };
		1CF5605B25380C3E003EEC66 /* String+ext.swift */ = {isa = PBXFileReference; lastKnownFileType = sourcecode.swift; path = "String+ext.swift"; sourceTree = "<group>"; };
		1CF5605E25381DFE003EEC66 /* RecordSevice.swift */ = {isa = PBXFileReference; lastKnownFileType = sourcecode.swift; path = RecordSevice.swift; sourceTree = "<group>"; };
		1CF5606125383C65003EEC66 /* CalculatorViewController.swift */ = {isa = PBXFileReference; lastKnownFileType = sourcecode.swift; path = CalculatorViewController.swift; sourceTree = "<group>"; };
		1CF5609B253949B3003EEC66 /* Rubik-Light.ttf */ = {isa = PBXFileReference; lastKnownFileType = file; path = "Rubik-Light.ttf"; sourceTree = "<group>"; };
		1CF5609C253949B3003EEC66 /* Rubik-Regular.ttf */ = {isa = PBXFileReference; lastKnownFileType = file; path = "Rubik-Regular.ttf"; sourceTree = "<group>"; };
		1CF560A425394AA3003EEC66 /* Rubik-Medium.ttf */ = {isa = PBXFileReference; lastKnownFileType = file; path = "Rubik-Medium.ttf"; sourceTree = "<group>"; };
		1CF560BA253D7F67003EEC66 /* TBNotificationCenter.swift */ = {isa = PBXFileReference; lastKnownFileType = sourcecode.swift; path = TBNotificationCenter.swift; sourceTree = "<group>"; };
		1CF560BE253ED521003EEC66 /* TBFeedback.swift */ = {isa = PBXFileReference; lastKnownFileType = sourcecode.swift; path = TBFeedback.swift; sourceTree = "<group>"; };
		1CF560C1254012FA003EEC66 /* Double+ext.swift */ = {isa = PBXFileReference; lastKnownFileType = sourcecode.swift; path = "Double+ext.swift"; sourceTree = "<group>"; };
		1CF560C425403662003EEC66 /* BookSettingViewController.swift */ = {isa = PBXFileReference; lastKnownFileType = sourcecode.swift; path = BookSettingViewController.swift; sourceTree = "<group>"; };
		9C6F67FB085CFA721B307CE2 /* Pods-TripBooks.debug.xcconfig */ = {isa = PBXFileReference; includeInIndex = 1; lastKnownFileType = text.xcconfig; name = "Pods-TripBooks.debug.xcconfig"; path = "Target Support Files/Pods-TripBooks/Pods-TripBooks.debug.xcconfig"; sourceTree = "<group>"; };
/* End PBXFileReference section */

/* Begin PBXFrameworksBuildPhase section */
		1CD181EE2512048B00AFD985 /* Frameworks */ = {
			isa = PBXFrameworksBuildPhase;
			buildActionMask = 2147483647;
			files = (
				C5861E775554FD9D3668B28E /* Pods_TripBooks.framework in Frameworks */,
			);
			runOnlyForDeploymentPostprocessing = 0;
		};
/* End PBXFrameworksBuildPhase section */

/* Begin PBXGroup section */
		1C6C50C72519A9E200F5EC43 /* ViewController */ = {
			isa = PBXGroup;
			children = (
				1CF560B7253D5968003EEC66 /* Book */,
				1C8B6F312521D9D9000D423B /* Record */,
				1CF5606125383C65003EEC66 /* CalculatorViewController.swift */,
				1CF560412535B318003EEC66 /* AccountPickerViewController.swift */,
				1CF5603E2535AC51003EEC66 /* AccountPickerTableViewCell.swift */,
				1C3ACD342542B5D70030ACBA /* LocalePickerViewController.swift */,
			);
			path = ViewController;
			sourceTree = "<group>";
		};
		1C6C50CB2519AA0900F5EC43 /* Asist */ = {
			isa = PBXGroup;
			children = (
				1CD1820E2512139200AFD985 /* TBFunc.swift */,
				1CF560332535A284003EEC66 /* TBColor.swift */,
				1CF560442535B793003EEC66 /* NavigationIcon.swift */,
				1CF5604B2536A272003EEC66 /* MainFont.swift */,
				1CF5604E2536B9E5003EEC66 /* TBButton.swift */,
				1CF5602F253595A5003EEC66 /* TBNotify.swift */,
				1CF560BA253D7F67003EEC66 /* TBNotificationCenter.swift */,
				1CF560BE253ED521003EEC66 /* TBFeedback.swift */,
			);
			path = Asist;
			sourceTree = "<group>";
		};
		1C6C50CF2519ABB300F5EC43 /* DB */ = {
			isa = PBXGroup;
			children = (
				1CA803232519AD35003D7708 /* DBManager.swift */,
			);
			path = DB;
			sourceTree = "<group>";
		};
		1C8B6F312521D9D9000D423B /* Record */ = {
			isa = PBXGroup;
			children = (
				1C8B6F2D2521C3A3000D423B /* RecordContainerViewController.swift */,
				1C8B6F62252EF0AE000D423B /* RecordDaysCollectionViewCell.swift */,
				1CA803F4251F2560003D7708 /* RecordPageViewController.swift */,
				1C8B6F4525247ACA000D423B /* RecordTableViewController.swift */,
				1C8B6F4225247A8E000D423B /* RecordTableViewCell.swift */,
				1C8B6F4B252AFE3E000D423B /* RecordDetailViewController.swift */,
				1C8B6F5F252EF077000D423B /* CategoriesCollectionViewCell.swift */,
			);
			path = Record;
			sourceTree = "<group>";
		};
		1CA8036F2519F27B003D7708 /* View */ = {
			isa = PBXGroup;
			children = (
				1CA803712519F2B6003D7708 /* BookTableViewCell.swift */,
				1CA803722519F2B6003D7708 /* BookTableViewCell.xib */,
				1C8B6F56252DB042000D423B /* IconView.swift */,
			);
			path = View;
			sourceTree = "<group>";
		};
		1CA80378251B2845003D7708 /* Service */ = {
			isa = PBXGroup;
			children = (
				1CA80379251B2857003D7708 /* BookService.swift */,
				1C8B6F59252ED054000D423B /* CategoryService.swift */,
				1CF560512536D3B1003EEC66 /* AccountService.swift */,
				1CF5605E25381DFE003EEC66 /* RecordSevice.swift */,
				1C3ACD372542C6130030ACBA /* IsoService.swift */,
				1CBCD5C82546856600FB6C12 /* ImageService.swift */,
			);
			path = Service;
			sourceTree = "<group>";
		};
		1CA803D2251C8D5B003D7708 /* TBDatePicker */ = {
			isa = PBXGroup;
			children = (
				1CA803D5251C8D5B003D7708 /* TBDatePicker.swift */,
			);
			path = TBDatePicker;
			sourceTree = "<group>";
		};
		1CBCD5E12546AE0300FB6C12 /* Roboto */ = {
			isa = PBXGroup;
			children = (
				1CBCD5CF2546A8A300FB6C12 /* Roboto-Regular.ttf */,
				1CBCD5D62546AB8800FB6C12 /* Roboto-Bold.ttf */,
				1CBCD5D42546AB8800FB6C12 /* Roboto-Light.ttf */,
				1CBCD5D52546AB8800FB6C12 /* Roboto-Medium.ttf */,
				1CBCD5D72546AB8800FB6C12 /* Roboto-Thin.ttf */,
			);
			path = Roboto;
			sourceTree = "<group>";
		};
		1CD181E82512048B00AFD985 = {
			isa = PBXGroup;
			children = (
				1CD181F32512048B00AFD985 /* TripBooks */,
				1CD181F22512048B00AFD985 /* Products */,
				61631689A378B42A74B3D4E8 /* Pods */,
				CB18AB1F58B956D4ED5E73BC /* Frameworks */,
			);
			sourceTree = "<group>";
		};
		1CD181F22512048B00AFD985 /* Products */ = {
			isa = PBXGroup;
			children = (
				1CD181F12512048B00AFD985 /* TripBooks.app */,
			);
			name = Products;
			sourceTree = "<group>";
		};
		1CD181F32512048B00AFD985 /* TripBooks */ = {
			isa = PBXGroup;
			children = (
				1CF5606425384256003EEC66 /* Resources */,
				1CF5605825380C1E003EEC66 /* Extension */,
				1CA803D2251C8D5B003D7708 /* TBDatePicker */,
				1CA80378251B2845003D7708 /* Service */,
				1CA8036F2519F27B003D7708 /* View */,
				1C6C50CF2519ABB300F5EC43 /* DB */,
				1C6C50CB2519AA0900F5EC43 /* Asist */,
				1C6C50C72519A9E200F5EC43 /* ViewController */,
				1CD1820B2512049900AFD985 /* Model */,
				1CD181F42512048B00AFD985 /* AppDelegate.swift */,
				1CD181F62512048C00AFD985 /* SceneDelegate.swift */,
				1CD181FA2512048C00AFD985 /* Main.storyboard */,
				1CD182022512048D00AFD985 /* LaunchScreen.storyboard */,
				1CD182002512048D00AFD985 /* Assets.xcassets */,
				1CD182052512048D00AFD985 /* Info.plist */,
				1CD181FD2512048C00AFD985 /* TripBooks.xcdatamodeld */,
			);
			path = TripBooks;
			sourceTree = "<group>";
		};
		1CD1820B2512049900AFD985 /* Model */ = {
			isa = PBXGroup;
			children = (
				1CD1820C2512050900AFD985 /* Record.swift */,
				1C3F207725188E6B008628C5 /* Category.swift */,
				1C3F207D2518AD1F008628C5 /* Icons.swift */,
				1CA8036C2519E25E003D7708 /* Book.swift */,
				1CF5602325358FFF003EEC66 /* Account.swift */,
				1CBCD5C525454FFC00FB6C12 /* Locale.swift */,
			);
			path = Model;
			sourceTree = "<group>";
		};
		1CF5605825380C1E003EEC66 /* Extension */ = {
			isa = PBXGroup;
			children = (
				1CA803D3251C8D5B003D7708 /* UIView+anchors.swift */,
				1C8B6F52252C6A7F000D423B /* UIColor+ext.swift */,
				1CF560202535791E003EEC66 /* UIButton+ext.swift */,
				1CF5605B25380C3E003EEC66 /* String+ext.swift */,
				1CF560C1254012FA003EEC66 /* Double+ext.swift */,
				1C3ACD2B254163990030ACBA /* Declarative.swift */,
				1C3ACD6225431DD40030ACBA /* GenericTableViewController.swift */,
			);
			path = Extension;
			sourceTree = "<group>";
		};
		1CF5606425384256003EEC66 /* Resources */ = {
			isa = PBXGroup;
			children = (
				1C3ACD2F2542AB0B0030ACBA /* IsoCountries.swift */,
				1C3ACD302542AB0B0030ACBA /* IsoCountryCodes.swift */,
				1CF5606525384260003EEC66 /* font */,
			);
			path = Resources;
			sourceTree = "<group>";
		};
		1CF5606525384260003EEC66 /* font */ = {
			isa = PBXGroup;
			children = (
				1CBCD5E12546AE0300FB6C12 /* Roboto */,
				1CF5609D253949B7003EEC66 /* Rubik */,
			);
			path = font;
			sourceTree = "<group>";
		};
		1CF5609D253949B7003EEC66 /* Rubik */ = {
			isa = PBXGroup;
			children = (
				1CF5609B253949B3003EEC66 /* Rubik-Light.ttf */,
				1CF5609C253949B3003EEC66 /* Rubik-Regular.ttf */,
				1CF560A425394AA3003EEC66 /* Rubik-Medium.ttf */,
			);
			path = Rubik;
			sourceTree = "<group>";
		};
		1CF560B7253D5968003EEC66 /* Book */ = {
			isa = PBXGroup;
			children = (
				1CA803692519C833003D7708 /* InsertNewBookViewController.swift */,
				1CD181F82512048C00AFD985 /* BookViewController.swift */,
				1CA803ED251EF130003D7708 /* AccountingViewController.xib */,
				1CA803F1251F2532003D7708 /* AccountingDetailViewController.swift */,
				1CF560C425403662003EEC66 /* BookSettingViewController.swift */,
				1CBCD5E82546B1E800FB6C12 /* BookDetailViewController.swift */,
				1CBCD5EC2546BC0A00FB6C12 /* TBtabViewController.swift */,
			);
			path = Book;
			sourceTree = "<group>";
		};
		61631689A378B42A74B3D4E8 /* Pods */ = {
			isa = PBXGroup;
			children = (
				9C6F67FB085CFA721B307CE2 /* Pods-TripBooks.debug.xcconfig */,
				167ED0DEC892068602740001 /* Pods-TripBooks.release.xcconfig */,
			);
			path = Pods;
			sourceTree = "<group>";
		};
		CB18AB1F58B956D4ED5E73BC /* Frameworks */ = {
			isa = PBXGroup;
			children = (
				00A04AE95A0610B3A9EB94E9 /* Pods_TripBooks.framework */,
			);
			name = Frameworks;
			sourceTree = "<group>";
		};
/* End PBXGroup section */

/* Begin PBXNativeTarget section */
		1CD181F02512048B00AFD985 /* TripBooks */ = {
			isa = PBXNativeTarget;
			buildConfigurationList = 1CD182082512048D00AFD985 /* Build configuration list for PBXNativeTarget "TripBooks" */;
			buildPhases = (
				3619035B765B3B9B241EE444 /* [CP] Check Pods Manifest.lock */,
				1CD181ED2512048B00AFD985 /* Sources */,
				1CD181EE2512048B00AFD985 /* Frameworks */,
				1CD181EF2512048B00AFD985 /* Resources */,
				1647729FE7AD1B308969D583 /* [CP] Embed Pods Frameworks */,
			);
			buildRules = (
			);
			dependencies = (
			);
			name = TripBooks;
			productName = TripBooks;
			productReference = 1CD181F12512048B00AFD985 /* TripBooks.app */;
			productType = "com.apple.product-type.application";
		};
/* End PBXNativeTarget section */

/* Begin PBXProject section */
		1CD181E92512048B00AFD985 /* Project object */ = {
			isa = PBXProject;
			attributes = {
				LastSwiftUpdateCheck = 1170;
				LastUpgradeCheck = 1200;
				ORGANIZATIONNAME = yuan;
				TargetAttributes = {
					1CD181F02512048B00AFD985 = {
						CreatedOnToolsVersion = 11.7;
					};
				};
			};
			buildConfigurationList = 1CD181EC2512048B00AFD985 /* Build configuration list for PBXProject "TripBooks" */;
			compatibilityVersion = "Xcode 9.3";
			developmentRegion = en;
			hasScannedForEncodings = 0;
			knownRegions = (
				en,
				Base,
			);
			mainGroup = 1CD181E82512048B00AFD985;
			productRefGroup = 1CD181F22512048B00AFD985 /* Products */;
			projectDirPath = "";
			projectRoot = "";
			targets = (
				1CD181F02512048B00AFD985 /* TripBooks */,
			);
		};
/* End PBXProject section */

/* Begin PBXResourcesBuildPhase section */
		1CD181EF2512048B00AFD985 /* Resources */ = {
			isa = PBXResourcesBuildPhase;
			buildActionMask = 2147483647;
			files = (
				1CF560B025394F6F003EEC66 /* Rubik-Regular.ttf in Resources */,
				1CBCD5D82546AB9A00FB6C12 /* Roboto-Bold.ttf in Resources */,
				1CBCD5DC2546ABA000FB6C12 /* Roboto-Medium.ttf in Resources */,
				1CA803742519F2B6003D7708 /* BookTableViewCell.xib in Resources */,
				1CF560AE25394F6C003EEC66 /* Rubik-Light.ttf in Resources */,
				1CBCD5DA2546AB9D00FB6C12 /* Roboto-Light.ttf in Resources */,
				1CBCD5DE2546ABA200FB6C12 /* Roboto-Thin.ttf in Resources */,
				1CA803EF251EF130003D7708 /* AccountingViewController.xib in Resources */,
				1CD182042512048D00AFD985 /* LaunchScreen.storyboard in Resources */,
				1CBCD5D12546AA2200FB6C12 /* Roboto-Regular.ttf in Resources */,
				1CF560B225394F72003EEC66 /* Rubik-Medium.ttf in Resources */,
				1CD182012512048D00AFD985 /* Assets.xcassets in Resources */,
				1CD181FC2512048C00AFD985 /* Main.storyboard in Resources */,
			);
			runOnlyForDeploymentPostprocessing = 0;
		};
/* End PBXResourcesBuildPhase section */

/* Begin PBXShellScriptBuildPhase section */
		1647729FE7AD1B308969D583 /* [CP] Embed Pods Frameworks */ = {
			isa = PBXShellScriptBuildPhase;
			buildActionMask = 2147483647;
			files = (
			);
			inputFileListPaths = (
				"${PODS_ROOT}/Target Support Files/Pods-TripBooks/Pods-TripBooks-frameworks-${CONFIGURATION}-input-files.xcfilelist",
			);
			name = "[CP] Embed Pods Frameworks";
			outputFileListPaths = (
				"${PODS_ROOT}/Target Support Files/Pods-TripBooks/Pods-TripBooks-frameworks-${CONFIGURATION}-output-files.xcfilelist",
			);
			runOnlyForDeploymentPostprocessing = 0;
			shellPath = /bin/sh;
			shellScript = "\"${PODS_ROOT}/Target Support Files/Pods-TripBooks/Pods-TripBooks-frameworks.sh\"\n";
			showEnvVarsInLog = 0;
		};
		3619035B765B3B9B241EE444 /* [CP] Check Pods Manifest.lock */ = {
			isa = PBXShellScriptBuildPhase;
			buildActionMask = 2147483647;
			files = (
			);
			inputFileListPaths = (
			);
			inputPaths = (
				"${PODS_PODFILE_DIR_PATH}/Podfile.lock",
				"${PODS_ROOT}/Manifest.lock",
			);
			name = "[CP] Check Pods Manifest.lock";
			outputFileListPaths = (
			);
			outputPaths = (
				"$(DERIVED_FILE_DIR)/Pods-TripBooks-checkManifestLockResult.txt",
			);
			runOnlyForDeploymentPostprocessing = 0;
			shellPath = /bin/sh;
			shellScript = "diff \"${PODS_PODFILE_DIR_PATH}/Podfile.lock\" \"${PODS_ROOT}/Manifest.lock\" > /dev/null\nif [ $? != 0 ] ; then\n    # print error to STDERR\n    echo \"error: The sandbox is not in sync with the Podfile.lock. Run 'pod install' or update your CocoaPods installation.\" >&2\n    exit 1\nfi\n# This output is used by Xcode 'outputs' to avoid re-running this script phase.\necho \"SUCCESS\" > \"${SCRIPT_OUTPUT_FILE_0}\"\n";
			showEnvVarsInLog = 0;
		};
/* End PBXShellScriptBuildPhase section */

/* Begin PBXSourcesBuildPhase section */
		1CD181ED2512048B00AFD985 /* Sources */ = {
			isa = PBXSourcesBuildPhase;
			buildActionMask = 2147483647;
			files = (
				1C3ACD6325431DD40030ACBA /* GenericTableViewController.swift in Sources */,
				1C8B6F4C252AFE3E000D423B /* RecordDetailViewController.swift in Sources */,
				1C3ACD322542AB0B0030ACBA /* IsoCountryCodes.swift in Sources */,
				1CF560422535B318003EEC66 /* AccountPickerViewController.swift in Sources */,
				1C8B6F2E2521C3A3000D423B /* RecordContainerViewController.swift in Sources */,
				1CBCD5C625454FFC00FB6C12 /* Locale.swift in Sources */,
				1CF5604F2536B9E5003EEC66 /* TBButton.swift in Sources */,
				1CD181F92512048C00AFD985 /* BookViewController.swift in Sources */,
				1CF560C525403662003EEC66 /* BookSettingViewController.swift in Sources */,
				1CF5605C25380C3E003EEC66 /* String+ext.swift in Sources */,
				1C8B6F4625247ACA000D423B /* RecordTableViewController.swift in Sources */,
				1C8B6F4325247A8E000D423B /* RecordTableViewCell.swift in Sources */,
				1CBCD5C92546856600FB6C12 /* ImageService.swift in Sources */,
				1CA803F2251F2532003D7708 /* AccountingDetailViewController.swift in Sources */,
				1CF56030253595A5003EEC66 /* TBNotify.swift in Sources */,
				1CF5606225383C65003EEC66 /* CalculatorViewController.swift in Sources */,
				1CF560522536D3B1003EEC66 /* AccountService.swift in Sources */,
				1C8B6F60252EF077000D423B /* CategoriesCollectionViewCell.swift in Sources */,
				1CA803D6251C8D5B003D7708 /* UIView+anchors.swift in Sources */,
				1CF560BB253D7F67003EEC66 /* TBNotificationCenter.swift in Sources */,
				1C8B6F57252DB044000D423B /* IconView.swift in Sources */,
				1CD1820D2512050900AFD985 /* Record.swift in Sources */,
				1CF5605F25381DFE003EEC66 /* RecordSevice.swift in Sources */,
				1CF560212535791E003EEC66 /* UIButton+ext.swift in Sources */,
				1C8B6F53252C6A80000D423B /* UIColor+ext.swift in Sources */,
				1CA8036D2519E25E003D7708 /* Book.swift in Sources */,
				1CF5602425358FFF003EEC66 /* Account.swift in Sources */,
				1CA803D8251C8D5B003D7708 /* TBDatePicker.swift in Sources */,
				1C3ACD312542AB0B0030ACBA /* IsoCountries.swift in Sources */,
				1CD181F52512048B00AFD985 /* AppDelegate.swift in Sources */,
				1CF560C2254012FB003EEC66 /* Double+ext.swift in Sources */,
				1CF5603F2535AC51003EEC66 /* AccountPickerTableViewCell.swift in Sources */,
				1CD181F72512048C00AFD985 /* SceneDelegate.swift in Sources */,
				1CA8036A2519C833003D7708 /* InsertNewBookViewController.swift in Sources */,
				1C8B6F5A252ED056000D423B /* CategoryService.swift in Sources */,
				1CA803F5251F2560003D7708 /* RecordPageViewController.swift in Sources */,
				1CA8037A251B2857003D7708 /* BookService.swift in Sources */,
				1CF560452535B793003EEC66 /* NavigationIcon.swift in Sources */,
				1C3F207E2518AD1F008628C5 /* Icons.swift in Sources */,
				1CF560342535A284003EEC66 /* TBColor.swift in Sources */,
				1C3ACD352542B5D70030ACBA /* LocalePickerViewController.swift in Sources */,
				1CF5604C2536A272003EEC66 /* MainFont.swift in Sources */,
				1CBCD5E92546B1E800FB6C12 /* BookDetailViewController.swift in Sources */,
				1C3ACD382542C6130030ACBA /* IsoService.swift in Sources */,
				1C3ACD2C254163990030ACBA /* Declarative.swift in Sources */,
				1CA803242519AD35003D7708 /* DBManager.swift in Sources */,
				1CD1820F2512139200AFD985 /* TBFunc.swift in Sources */,
				1CD181FF2512048C00AFD985 /* TripBooks.xcdatamodeld in Sources */,
				1C8B6F63252EF0AE000D423B /* RecordDaysCollectionViewCell.swift in Sources */,
				1CA803732519F2B6003D7708 /* BookTableViewCell.swift in Sources */,
				1CF560BF253ED522003EEC66 /* TBFeedback.swift in Sources */,
				1C3F207825188E6B008628C5 /* Category.swift in Sources */,
				1CBCD5ED2546BC0A00FB6C12 /* TBtabViewController.swift in Sources */,
			);
			runOnlyForDeploymentPostprocessing = 0;
		};
/* End PBXSourcesBuildPhase section */

/* Begin PBXVariantGroup section */
		1CD181FA2512048C00AFD985 /* Main.storyboard */ = {
			isa = PBXVariantGroup;
			children = (
				1CD181FB2512048C00AFD985 /* Base */,
			);
			name = Main.storyboard;
			sourceTree = "<group>";
		};
		1CD182022512048D00AFD985 /* LaunchScreen.storyboard */ = {
			isa = PBXVariantGroup;
			children = (
				1CD182032512048D00AFD985 /* Base */,
			);
			name = LaunchScreen.storyboard;
			sourceTree = "<group>";
		};
/* End PBXVariantGroup section */

/* Begin XCBuildConfiguration section */
		1CD182062512048D00AFD985 /* Debug */ = {
			isa = XCBuildConfiguration;
			buildSettings = {
				ALWAYS_SEARCH_USER_PATHS = NO;
				CLANG_ANALYZER_NONNULL = YES;
				CLANG_ANALYZER_NUMBER_OBJECT_CONVERSION = YES_AGGRESSIVE;
				CLANG_CXX_LANGUAGE_STANDARD = "gnu++14";
				CLANG_CXX_LIBRARY = "libc++";
				CLANG_ENABLE_MODULES = YES;
				CLANG_ENABLE_OBJC_ARC = YES;
				CLANG_ENABLE_OBJC_WEAK = YES;
				CLANG_WARN_BLOCK_CAPTURE_AUTORELEASING = YES;
				CLANG_WARN_BOOL_CONVERSION = YES;
				CLANG_WARN_COMMA = YES;
				CLANG_WARN_CONSTANT_CONVERSION = YES;
				CLANG_WARN_DEPRECATED_OBJC_IMPLEMENTATIONS = YES;
				CLANG_WARN_DIRECT_OBJC_ISA_USAGE = YES_ERROR;
				CLANG_WARN_DOCUMENTATION_COMMENTS = YES;
				CLANG_WARN_EMPTY_BODY = YES;
				CLANG_WARN_ENUM_CONVERSION = YES;
				CLANG_WARN_INFINITE_RECURSION = YES;
				CLANG_WARN_INT_CONVERSION = YES;
				CLANG_WARN_NON_LITERAL_NULL_CONVERSION = YES;
				CLANG_WARN_OBJC_IMPLICIT_RETAIN_SELF = YES;
				CLANG_WARN_OBJC_LITERAL_CONVERSION = YES;
				CLANG_WARN_OBJC_ROOT_CLASS = YES_ERROR;
				CLANG_WARN_QUOTED_INCLUDE_IN_FRAMEWORK_HEADER = YES;
				CLANG_WARN_RANGE_LOOP_ANALYSIS = YES;
				CLANG_WARN_STRICT_PROTOTYPES = YES;
				CLANG_WARN_SUSPICIOUS_MOVE = YES;
				CLANG_WARN_UNGUARDED_AVAILABILITY = YES_AGGRESSIVE;
				CLANG_WARN_UNREACHABLE_CODE = YES;
				CLANG_WARN__DUPLICATE_METHOD_MATCH = YES;
				COPY_PHASE_STRIP = NO;
				DEBUG_INFORMATION_FORMAT = dwarf;
				ENABLE_STRICT_OBJC_MSGSEND = YES;
				ENABLE_TESTABILITY = YES;
				GCC_C_LANGUAGE_STANDARD = gnu11;
				GCC_DYNAMIC_NO_PIC = NO;
				GCC_NO_COMMON_BLOCKS = YES;
				GCC_OPTIMIZATION_LEVEL = 0;
				GCC_PREPROCESSOR_DEFINITIONS = (
					"DEBUG=1",
					"$(inherited)",
				);
				GCC_WARN_64_TO_32_BIT_CONVERSION = YES;
				GCC_WARN_ABOUT_RETURN_TYPE = YES_ERROR;
				GCC_WARN_UNDECLARED_SELECTOR = YES;
				GCC_WARN_UNINITIALIZED_AUTOS = YES_AGGRESSIVE;
				GCC_WARN_UNUSED_FUNCTION = YES;
				GCC_WARN_UNUSED_VARIABLE = YES;
				IPHONEOS_DEPLOYMENT_TARGET = 13.0;
				MTL_ENABLE_DEBUG_INFO = INCLUDE_SOURCE;
				MTL_FAST_MATH = YES;
				ONLY_ACTIVE_ARCH = YES;
				SDKROOT = iphoneos;
				SWIFT_ACTIVE_COMPILATION_CONDITIONS = DEBUG;
				SWIFT_OPTIMIZATION_LEVEL = "-Onone";
			};
			name = Debug;
		};
		1CD182072512048D00AFD985 /* Release */ = {
			isa = XCBuildConfiguration;
			buildSettings = {
				ALWAYS_SEARCH_USER_PATHS = NO;
				CLANG_ANALYZER_NONNULL = YES;
				CLANG_ANALYZER_NUMBER_OBJECT_CONVERSION = YES_AGGRESSIVE;
				CLANG_CXX_LANGUAGE_STANDARD = "gnu++14";
				CLANG_CXX_LIBRARY = "libc++";
				CLANG_ENABLE_MODULES = YES;
				CLANG_ENABLE_OBJC_ARC = YES;
				CLANG_ENABLE_OBJC_WEAK = YES;
				CLANG_WARN_BLOCK_CAPTURE_AUTORELEASING = YES;
				CLANG_WARN_BOOL_CONVERSION = YES;
				CLANG_WARN_COMMA = YES;
				CLANG_WARN_CONSTANT_CONVERSION = YES;
				CLANG_WARN_DEPRECATED_OBJC_IMPLEMENTATIONS = YES;
				CLANG_WARN_DIRECT_OBJC_ISA_USAGE = YES_ERROR;
				CLANG_WARN_DOCUMENTATION_COMMENTS = YES;
				CLANG_WARN_EMPTY_BODY = YES;
				CLANG_WARN_ENUM_CONVERSION = YES;
				CLANG_WARN_INFINITE_RECURSION = YES;
				CLANG_WARN_INT_CONVERSION = YES;
				CLANG_WARN_NON_LITERAL_NULL_CONVERSION = YES;
				CLANG_WARN_OBJC_IMPLICIT_RETAIN_SELF = YES;
				CLANG_WARN_OBJC_LITERAL_CONVERSION = YES;
				CLANG_WARN_OBJC_ROOT_CLASS = YES_ERROR;
				CLANG_WARN_QUOTED_INCLUDE_IN_FRAMEWORK_HEADER = YES;
				CLANG_WARN_RANGE_LOOP_ANALYSIS = YES;
				CLANG_WARN_STRICT_PROTOTYPES = YES;
				CLANG_WARN_SUSPICIOUS_MOVE = YES;
				CLANG_WARN_UNGUARDED_AVAILABILITY = YES_AGGRESSIVE;
				CLANG_WARN_UNREACHABLE_CODE = YES;
				CLANG_WARN__DUPLICATE_METHOD_MATCH = YES;
				COPY_PHASE_STRIP = NO;
				DEBUG_INFORMATION_FORMAT = "dwarf-with-dsym";
				ENABLE_NS_ASSERTIONS = NO;
				ENABLE_STRICT_OBJC_MSGSEND = YES;
				GCC_C_LANGUAGE_STANDARD = gnu11;
				GCC_NO_COMMON_BLOCKS = YES;
				GCC_WARN_64_TO_32_BIT_CONVERSION = YES;
				GCC_WARN_ABOUT_RETURN_TYPE = YES_ERROR;
				GCC_WARN_UNDECLARED_SELECTOR = YES;
				GCC_WARN_UNINITIALIZED_AUTOS = YES_AGGRESSIVE;
				GCC_WARN_UNUSED_FUNCTION = YES;
				GCC_WARN_UNUSED_VARIABLE = YES;
				IPHONEOS_DEPLOYMENT_TARGET = 13.0;
				MTL_ENABLE_DEBUG_INFO = NO;
				MTL_FAST_MATH = YES;
				SDKROOT = iphoneos;
				SWIFT_COMPILATION_MODE = wholemodule;
				SWIFT_OPTIMIZATION_LEVEL = "-O";
				VALIDATE_PRODUCT = YES;
			};
			name = Release;
		};
		1CD182092512048D00AFD985 /* Debug */ = {
			isa = XCBuildConfiguration;
			baseConfigurationReference = 9C6F67FB085CFA721B307CE2 /* Pods-TripBooks.debug.xcconfig */;
			buildSettings = {
				ASSETCATALOG_COMPILER_APPICON_NAME = AppIcon;
				CODE_SIGN_STYLE = Automatic;
				DEVELOPMENT_TEAM = 8N45U64W34;
				INFOPLIST_FILE = TripBooks/Info.plist;
				LD_RUNPATH_SEARCH_PATHS = (
					"$(inherited)",
					"@executable_path/Frameworks",
				);
				PRODUCT_BUNDLE_IDENTIFIER = com.yuan.TripBooks;
				PRODUCT_NAME = "$(TARGET_NAME)";
				SWIFT_VERSION = 5.0;
				TARGETED_DEVICE_FAMILY = "1,2";
			};
			name = Debug;
		};
		1CD1820A2512048D00AFD985 /* Release */ = {
			isa = XCBuildConfiguration;
			baseConfigurationReference = 167ED0DEC892068602740001 /* Pods-TripBooks.release.xcconfig */;
			buildSettings = {
				ASSETCATALOG_COMPILER_APPICON_NAME = AppIcon;
				CODE_SIGN_STYLE = Automatic;
				DEVELOPMENT_TEAM = 8N45U64W34;
				INFOPLIST_FILE = TripBooks/Info.plist;
				LD_RUNPATH_SEARCH_PATHS = (
					"$(inherited)",
					"@executable_path/Frameworks",
				);
				PRODUCT_BUNDLE_IDENTIFIER = com.yuan.TripBooks;
				PRODUCT_NAME = "$(TARGET_NAME)";
				SWIFT_VERSION = 5.0;
				TARGETED_DEVICE_FAMILY = "1,2";
			};
			name = Release;
		};
/* End XCBuildConfiguration section */

/* Begin XCConfigurationList section */
		1CD181EC2512048B00AFD985 /* Build configuration list for PBXProject "TripBooks" */ = {
			isa = XCConfigurationList;
			buildConfigurations = (
				1CD182062512048D00AFD985 /* Debug */,
				1CD182072512048D00AFD985 /* Release */,
			);
			defaultConfigurationIsVisible = 0;
			defaultConfigurationName = Release;
		};
		1CD182082512048D00AFD985 /* Build configuration list for PBXNativeTarget "TripBooks" */ = {
			isa = XCConfigurationList;
			buildConfigurations = (
				1CD182092512048D00AFD985 /* Debug */,
				1CD1820A2512048D00AFD985 /* Release */,
			);
			defaultConfigurationIsVisible = 0;
			defaultConfigurationName = Release;
		};
/* End XCConfigurationList section */

/* Begin XCVersionGroup section */
		1CD181FD2512048C00AFD985 /* TripBooks.xcdatamodeld */ = {
			isa = XCVersionGroup;
			children = (
				1CD181FE2512048C00AFD985 /* TripBooks.xcdatamodel */,
			);
			currentVersion = 1CD181FE2512048C00AFD985 /* TripBooks.xcdatamodel */;
			path = TripBooks.xcdatamodeld;
			sourceTree = "<group>";
			versionGroupType = wrapper.xcdatamodel;
		};
/* End XCVersionGroup section */
	};
	rootObject = 1CD181E92512048B00AFD985 /* Project object */;
}
